
Microsoft Visual Studio Solution File, Format Version 12.00
Project("{FAE04EC0-301F-11D3-BF4B-00C04F79EFBC}") = "FileDIalog_XML", "FileDIalog_XML.csproj", "{AAE1CCD0-47EF-4629-8893-51EB4480A022}"
EndProject
Global
	GlobalSection(SolutionConfigurationPlatforms) = preSolution
		Debug|Any CPU = Debug|Any CPU
		Release|Any CPU = Release|Any CPU
	EndGlobalSection
	GlobalSection(ProjectConfigurationPlatforms) = postSolution
		{AAE1CCD0-47EF-4629-8893-51EB4480A022}.Debug|Any CPU.ActiveCfg = Debug|Any CPU
		{AAE1CCD0-47EF-4629-8893-51EB4480A022}.Debug|Any CPU.Build.0 = Debug|Any CPU
		{AAE1CCD0-47EF-4629-8893-51EB4480A022}.Release|Any CPU.ActiveCfg = Release|Any CPU
		{AAE1CCD0-47EF-4629-8893-51EB4480A022}.Release|Any CPU.Build.0 = Release|Any CPU
		{21A1159F-F81B-418D-8DE1-27003F374BB5}.Debug|Any CPU.ActiveCfg = Debug|Any CPU
		{21A1159F-F81B-418D-8DE1-27003F374BB5}.Debug|Any CPU.Build.0 = Debug|Any CPU
		{21A1159F-F81B-418D-8DE1-27003F374BB5}.Release|Any CPU.ActiveCfg = Release|Any CPU
		{21A1159F-F81B-418D-8DE1-27003F374BB5}.Release|Any CPU.Build.0 = Release|Any CPU
	EndGlobalSection
EndGlobal
