
Microsoft Visual Studio Solution File, Format Version 12.00
Project("{FAE04EC0-301F-11D3-BF4B-00C04F79EFBC}") = "WBH Rezept", "WBH Rezept\WBH Rezept.csproj", "{F7B4D803-0453-4958-A225-AE82B9D4F80B}"
EndProject
Global
	GlobalSection(SolutionConfigurationPlatforms) = preSolution
		Debug|Any CPU = Debug|Any CPU
		Release|Any CPU = Release|Any CPU
	EndGlobalSection
	GlobalSection(ProjectConfigurationPlatforms) = postSolution
		{F7B4D803-0453-4958-A225-AE82B9D4F80B}.Debug|Any CPU.ActiveCfg = Debug|Any CPU
		{F7B4D803-0453-4958-A225-AE82B9D4F80B}.Debug|Any CPU.Build.0 = Debug|Any CPU
		{F7B4D803-0453-4958-A225-AE82B9D4F80B}.Release|Any CPU.ActiveCfg = Release|Any CPU
		{F7B4D803-0453-4958-A225-AE82B9D4F80B}.Release|Any CPU.Build.0 = Release|Any CPU
	EndGlobalSection
EndGlobal
